
Microsoft Visual Studio Solution File, Format Version 12.00
# Visual Studio 15
VisualStudioVersion = 15.0.27130.0
MinimumVisualStudioVersion = 10.0.40219.1
Project("{8BC9CEB8-8B4A-11D0-8D11-00A0C91BC942}") = "Lab2", "Lab2\Lab2.vcxproj", "{EE51C2CB-EB51-4AD0-836A-D35E1327ED62}"
EndProject
Global
	GlobalSection(SolutionConfigurationPlatforms) = preSolution
		Debug|ARM = Debug|ARM
		Debug|x64 = Debug|x64
		Debug|x86 = Debug|x86
		Release|ARM = Release|ARM
		Release|x64 = Release|x64
		Release|x86 = Release|x86
	EndGlobalSection
	GlobalSection(ProjectConfigurationPlatforms) = postSolution
		{EE51C2CB-EB51-4AD0-836A-D35E1327ED62}.Debug|ARM.ActiveCfg = Debug|ARM
		{EE51C2CB-EB51-4AD0-836A-D35E1327ED62}.Debug|ARM.Build.0 = Debug|ARM
		{EE51C2CB-EB51-4AD0-836A-D35E1327ED62}.Debug|x64.ActiveCfg = Debug|x64
		{EE51C2CB-EB51-4AD0-836A-D35E1327ED62}.Debug|x64.Build.0 = Debug|x64
		{EE51C2CB-EB51-4AD0-836A-D35E1327ED62}.Debug|x86.ActiveCfg = Debug|Win32
		{EE51C2CB-EB51-4AD0-836A-D35E1327ED62}.Debug|x86.Build.0 = Debug|Win32
		{EE51C2CB-EB51-4AD0-836A-D35E1327ED62}.Release|ARM.ActiveCfg = Release|ARM
		{EE51C2CB-EB51-4AD0-836A-D35E1327ED62}.Release|ARM.Build.0 = Release|ARM
		{EE51C2CB-EB51-4AD0-836A-D35E1327ED62}.Release|x64.ActiveCfg = Release|x64
		{EE51C2CB-EB51-4AD0-836A-D35E1327ED62}.Release|x64.Build.0 = Release|x64
		{EE51C2CB-EB51-4AD0-836A-D35E1327ED62}.Release|x86.ActiveCfg = Release|Win32
		{EE51C2CB-EB51-4AD0-836A-D35E1327ED62}.Release|x86.Build.0 = Release|Win32
	EndGlobalSection
	GlobalSection(SolutionProperties) = preSolution
		HideSolutionNode = FALSE
	EndGlobalSection
	GlobalSection(ExtensibilityGlobals) = postSolution
		SolutionGuid = {6896992E-7FF1-4852-BC08-A0088B01625C}
	EndGlobalSection
EndGlobal
